// !$*UTF8*$!
{
	archiveVersion = 1;
	classes = {
	};
	objectVersion = 56;
	objects = {

/* Begin PBXBuildFile section */
		C431E99229093AA500B41F31 /* CartViewController.swift in Sources */ = {isa = PBXBuildFile; fileRef = C431E99129093AA500B41F31 /* CartViewController.swift */; };
		C431E994290948CE00B41F31 /* DetailViewController.swift in Sources */ = {isa = PBXBuildFile; fileRef = C431E993290948CE00B41F31 /* DetailViewController.swift */; };
		C431E9972909541900B41F31 /* Extension + UIImageView.swift in Sources */ = {isa = PBXBuildFile; fileRef = C431E9962909541900B41F31 /* Extension + UIImageView.swift */; };
		C431E9992909542600B41F31 /* hungry.gif in Resources */ = {isa = PBXBuildFile; fileRef = C431E9982909542600B41F31 /* hungry.gif */; };
		C431E99B2909A42D00B41F31 /* CartItemCell.swift in Sources */ = {isa = PBXBuildFile; fileRef = C431E99A2909A42D00B41F31 /* CartItemCell.swift */; };
		C431E99E290A8E6700B41F31 /* Enums.swift in Sources */ = {isa = PBXBuildFile; fileRef = C431E99D290A8E6600B41F31 /* Enums.swift */; };
		C431E9A0290AA50B00B41F31 /* CartDeliveryCell.swift in Sources */ = {isa = PBXBuildFile; fileRef = C431E99F290AA50B00B41F31 /* CartDeliveryCell.swift */; };
		C4340DFF290807AB0031EC6F /* AppDelegate.swift in Sources */ = {isa = PBXBuildFile; fileRef = C4340DFE290807AB0031EC6F /* AppDelegate.swift */; };
		C4340E01290807AB0031EC6F /* SceneDelegate.swift in Sources */ = {isa = PBXBuildFile; fileRef = C4340E00290807AB0031EC6F /* SceneDelegate.swift */; };
		C4340E06290807AB0031EC6F /* Main.storyboard in Resources */ = {isa = PBXBuildFile; fileRef = C4340E04290807AB0031EC6F /* Main.storyboard */; };
		C4340E08290807AC0031EC6F /* Assets.xcassets in Resources */ = {isa = PBXBuildFile; fileRef = C4340E07290807AC0031EC6F /* Assets.xcassets */; };
		C4340E0B290807AC0031EC6F /* LaunchScreen.storyboard in Resources */ = {isa = PBXBuildFile; fileRef = C4340E09290807AC0031EC6F /* LaunchScreen.storyboard */; };
		C4340E13290809B30031EC6F /* TeammatesViewController.swift in Sources */ = {isa = PBXBuildFile; fileRef = C4340E12290809B30031EC6F /* TeammatesViewController.swift */; };
		C4340E1529080AE70031EC6F /* TeammateCell.swift in Sources */ = {isa = PBXBuildFile; fileRef = C4340E1429080AE70031EC6F /* TeammateCell.swift */; };
		C4340E172908102D0031EC6F /* TeammateModel.swift in Sources */ = {isa = PBXBuildFile; fileRef = C4340E162908102D0031EC6F /* TeammateModel.swift */; };
		C4340E19290815640031EC6F /* Extension + UIView.swift in Sources */ = {isa = PBXBuildFile; fileRef = C4340E18290815640031EC6F /* Extension + UIView.swift */; };
		C443CEBB290B447700C6D4F9 /* Extension + UIViewController.swift in Sources */ = {isa = PBXBuildFile; fileRef = C443CEBA290B447700C6D4F9 /* Extension + UIViewController.swift */; };
		C443CEBD290BF0CF00C6D4F9 /* FavoritesViewController.swift in Sources */ = {isa = PBXBuildFile; fileRef = C443CEBC290BF0CF00C6D4F9 /* FavoritesViewController.swift */; };
		C470D6AE29082967007A9EFF /* TabBar.swift in Sources */ = {isa = PBXBuildFile; fileRef = C470D6AD29082967007A9EFF /* TabBar.swift */; };
		C470D6B529082C07007A9EFF /* DataManager.swift in Sources */ = {isa = PBXBuildFile; fileRef = C470D6B429082C07007A9EFF /* DataManager.swift */; };
		C470D6B729082D3E007A9EFF /* CatalogModel.swift in Sources */ = {isa = PBXBuildFile; fileRef = C470D6B629082D3E007A9EFF /* CatalogModel.swift */; };
		C470D6B929083391007A9EFF /* CatalogItemCell.swift in Sources */ = {isa = PBXBuildFile; fileRef = C470D6B829083391007A9EFF /* CatalogItemCell.swift */; };
		C470D6BB290833A9007A9EFF /* CatalogHeaderCell.swift in Sources */ = {isa = PBXBuildFile; fileRef = C470D6BA290833A9007A9EFF /* CatalogHeaderCell.swift */; };
		C470D6BD290833D7007A9EFF /* CatalogListViewController.swift in Sources */ = {isa = PBXBuildFile; fileRef = C470D6BC290833D7007A9EFF /* CatalogListViewController.swift */; };
/* End PBXBuildFile section */

/* Begin PBXFileReference section */
		C431E99129093AA500B41F31 /* CartViewController.swift */ = {isa = PBXFileReference; lastKnownFileType = sourcecode.swift; path = CartViewController.swift; sourceTree = "<group>"; };
		C431E993290948CE00B41F31 /* DetailViewController.swift */ = {isa = PBXFileReference; lastKnownFileType = sourcecode.swift; path = DetailViewController.swift; sourceTree = "<group>"; };
		C431E9962909541900B41F31 /* Extension + UIImageView.swift */ = {isa = PBXFileReference; fileEncoding = 4; lastKnownFileType = sourcecode.swift; path = "Extension + UIImageView.swift"; sourceTree = "<group>"; };
		C431E9982909542600B41F31 /* hungry.gif */ = {isa = PBXFileReference; lastKnownFileType = image.gif; path = hungry.gif; sourceTree = "<group>"; };
		C431E99A2909A42D00B41F31 /* CartItemCell.swift */ = {isa = PBXFileReference; lastKnownFileType = sourcecode.swift; path = CartItemCell.swift; sourceTree = "<group>"; };
		C431E99D290A8E6600B41F31 /* Enums.swift */ = {isa = PBXFileReference; fileEncoding = 4; lastKnownFileType = sourcecode.swift; path = Enums.swift; sourceTree = "<group>"; };
		C431E99F290AA50B00B41F31 /* CartDeliveryCell.swift */ = {isa = PBXFileReference; lastKnownFileType = sourcecode.swift; path = CartDeliveryCell.swift; sourceTree = "<group>"; };
		C4340DFB290807AB0031EC6F /* CandyShop.app */ = {isa = PBXFileReference; explicitFileType = wrapper.application; includeInIndex = 0; path = CandyShop.app; sourceTree = BUILT_PRODUCTS_DIR; };
		C4340DFE290807AB0031EC6F /* AppDelegate.swift */ = {isa = PBXFileReference; lastKnownFileType = sourcecode.swift; path = AppDelegate.swift; sourceTree = "<group>"; };
		C4340E00290807AB0031EC6F /* SceneDelegate.swift */ = {isa = PBXFileReference; lastKnownFileType = sourcecode.swift; path = SceneDelegate.swift; sourceTree = "<group>"; };
		C4340E05290807AB0031EC6F /* Base */ = {isa = PBXFileReference; lastKnownFileType = file.storyboard; name = Base; path = Base.lproj/Main.storyboard; sourceTree = "<group>"; };
		C4340E07290807AC0031EC6F /* Assets.xcassets */ = {isa = PBXFileReference; lastKnownFileType = folder.assetcatalog; path = Assets.xcassets; sourceTree = "<group>"; };
		C4340E0A290807AC0031EC6F /* Base */ = {isa = PBXFileReference; lastKnownFileType = file.storyboard; name = Base; path = Base.lproj/LaunchScreen.storyboard; sourceTree = "<group>"; };
		C4340E0C290807AC0031EC6F /* Info.plist */ = {isa = PBXFileReference; lastKnownFileType = text.plist.xml; path = Info.plist; sourceTree = "<group>"; };
		C4340E12290809B30031EC6F /* TeammatesViewController.swift */ = {isa = PBXFileReference; lastKnownFileType = sourcecode.swift; path = TeammatesViewController.swift; sourceTree = "<group>"; };
		C4340E1429080AE70031EC6F /* TeammateCell.swift */ = {isa = PBXFileReference; lastKnownFileType = sourcecode.swift; path = TeammateCell.swift; sourceTree = "<group>"; };
		C4340E162908102D0031EC6F /* TeammateModel.swift */ = {isa = PBXFileReference; lastKnownFileType = sourcecode.swift; path = TeammateModel.swift; sourceTree = "<group>"; };
		C4340E18290815640031EC6F /* Extension + UIView.swift */ = {isa = PBXFileReference; lastKnownFileType = sourcecode.swift; path = "Extension + UIView.swift"; sourceTree = "<group>"; };
		C443CEBA290B447700C6D4F9 /* Extension + UIViewController.swift */ = {isa = PBXFileReference; lastKnownFileType = sourcecode.swift; path = "Extension + UIViewController.swift"; sourceTree = "<group>"; };
		C443CEBC290BF0CF00C6D4F9 /* FavoritesViewController.swift */ = {isa = PBXFileReference; lastKnownFileType = sourcecode.swift; path = FavoritesViewController.swift; sourceTree = "<group>"; };
		C470D6AD29082967007A9EFF /* TabBar.swift */ = {isa = PBXFileReference; lastKnownFileType = sourcecode.swift; path = TabBar.swift; sourceTree = "<group>"; };
		C470D6B429082C07007A9EFF /* DataManager.swift */ = {isa = PBXFileReference; lastKnownFileType = sourcecode.swift; path = DataManager.swift; sourceTree = "<group>"; };
		C470D6B629082D3E007A9EFF /* CatalogModel.swift */ = {isa = PBXFileReference; lastKnownFileType = sourcecode.swift; path = CatalogModel.swift; sourceTree = "<group>"; };
		C470D6B829083391007A9EFF /* CatalogItemCell.swift */ = {isa = PBXFileReference; lastKnownFileType = sourcecode.swift; path = CatalogItemCell.swift; sourceTree = "<group>"; };
		C470D6BA290833A9007A9EFF /* CatalogHeaderCell.swift */ = {isa = PBXFileReference; lastKnownFileType = sourcecode.swift; path = CatalogHeaderCell.swift; sourceTree = "<group>"; };
		C470D6BC290833D7007A9EFF /* CatalogListViewController.swift */ = {isa = PBXFileReference; lastKnownFileType = sourcecode.swift; path = CatalogListViewController.swift; sourceTree = "<group>"; };
/* End PBXFileReference section */

/* Begin PBXFrameworksBuildPhase section */
		C4340DF8290807AB0031EC6F /* Frameworks */ = {
			isa = PBXFrameworksBuildPhase;
			buildActionMask = 2147483647;
			files = (
			);
			runOnlyForDeploymentPostprocessing = 0;
		};
/* End PBXFrameworksBuildPhase section */

/* Begin PBXGroup section */
		C431E9952909541900B41F31 /* Gifs */ = {
			isa = PBXGroup;
			children = (
				C431E9982909542600B41F31 /* hungry.gif */,
			);
			path = Gifs;
			sourceTree = "<group>";
		};
		C431E99C290A8BE400B41F31 /* Services */ = {
			isa = PBXGroup;
			children = (
				C470D6B429082C07007A9EFF /* DataManager.swift */,
			);
			path = Services;
			sourceTree = "<group>";
		};
		C4340DF2290807AB0031EC6F = {
			isa = PBXGroup;
			children = (
				C4340DFD290807AB0031EC6F /* CandyShop */,
				C4340DFC290807AB0031EC6F /* Products */,
			);
			sourceTree = "<group>";
		};
		C4340DFC290807AB0031EC6F /* Products */ = {
			isa = PBXGroup;
			children = (
				C4340DFB290807AB0031EC6F /* CandyShop.app */,
			);
			name = Products;
			sourceTree = "<group>";
		};
		C4340DFD290807AB0031EC6F /* CandyShop */ = {
			isa = PBXGroup;
			children = (
				C470D6B329082AFB007A9EFF /* App */,
				C470D6B229082AEF007A9EFF /* Models */,
				C431E99C290A8BE400B41F31 /* Services */,
				C470D6B129082AD2007A9EFF /* ViewControllers */,
				C470D6B029082AC0007A9EFF /* TableViewCells */,
				C470D6AF29082AB0007A9EFF /* Extensions */,
				C431E9952909541900B41F31 /* Gifs */,
				C4340E07290807AC0031EC6F /* Assets.xcassets */,
				C4340E04290807AB0031EC6F /* Main.storyboard */,
				C4340E09290807AC0031EC6F /* LaunchScreen.storyboard */,
				C4340E0C290807AC0031EC6F /* Info.plist */,
			);
			path = CandyShop;
			sourceTree = "<group>";
		};
		C470D6AF29082AB0007A9EFF /* Extensions */ = {
			isa = PBXGroup;
			children = (
				C4340E18290815640031EC6F /* Extension + UIView.swift */,
				C431E9962909541900B41F31 /* Extension + UIImageView.swift */,
				C443CEBA290B447700C6D4F9 /* Extension + UIViewController.swift */,
			);
			path = Extensions;
			sourceTree = "<group>";
		};
		C470D6B029082AC0007A9EFF /* TableViewCells */ = {
			isa = PBXGroup;
			children = (
				C4340E1429080AE70031EC6F /* TeammateCell.swift */,
				C470D6BA290833A9007A9EFF /* CatalogHeaderCell.swift */,
				C470D6B829083391007A9EFF /* CatalogItemCell.swift */,
				C431E99A2909A42D00B41F31 /* CartItemCell.swift */,
				C431E99F290AA50B00B41F31 /* CartDeliveryCell.swift */,
			);
			path = TableViewCells;
			sourceTree = "<group>";
		};
		C470D6B129082AD2007A9EFF /* ViewControllers */ = {
			isa = PBXGroup;
			children = (
				C4340E12290809B30031EC6F /* TeammatesViewController.swift */,
				C470D6BC290833D7007A9EFF /* CatalogListViewController.swift */,
				C431E993290948CE00B41F31 /* DetailViewController.swift */,
				C431E99129093AA500B41F31 /* CartViewController.swift */,
				C443CEBC290BF0CF00C6D4F9 /* FavoritesViewController.swift */,
			);
			path = ViewControllers;
			sourceTree = "<group>";
		};
		C470D6B229082AEF007A9EFF /* Models */ = {
			isa = PBXGroup;
			children = (
				C4340E162908102D0031EC6F /* TeammateModel.swift */,
				C470D6B629082D3E007A9EFF /* CatalogModel.swift */,
				C431E99D290A8E6600B41F31 /* Enums.swift */,
			);
			path = Models;
			sourceTree = "<group>";
		};
		C470D6B329082AFB007A9EFF /* App */ = {
			isa = PBXGroup;
			children = (
				C4340DFE290807AB0031EC6F /* AppDelegate.swift */,
				C4340E00290807AB0031EC6F /* SceneDelegate.swift */,
				C470D6AD29082967007A9EFF /* TabBar.swift */,
			);
			path = App;
			sourceTree = "<group>";
		};
/* End PBXGroup section */

/* Begin PBXNativeTarget section */
		C4340DFA290807AB0031EC6F /* CandyShop */ = {
			isa = PBXNativeTarget;
			buildConfigurationList = C4340E0F290807AC0031EC6F /* Build configuration list for PBXNativeTarget "CandyShop" */;
			buildPhases = (
				C4340DF7290807AB0031EC6F /* Sources */,
				C4340DF8290807AB0031EC6F /* Frameworks */,
				C4340DF9290807AB0031EC6F /* Resources */,
			);
			buildRules = (
			);
			dependencies = (
			);
			name = CandyShop;
			productName = CandyShop;
			productReference = C4340DFB290807AB0031EC6F /* CandyShop.app */;
			productType = "com.apple.product-type.application";
		};
/* End PBXNativeTarget section */

/* Begin PBXProject section */
		C4340DF3290807AB0031EC6F /* Project object */ = {
			isa = PBXProject;
			attributes = {
				BuildIndependentTargetsInParallel = 1;
				LastSwiftUpdateCheck = 1400;
				LastUpgradeCheck = 1400;
				TargetAttributes = {
					C4340DFA290807AB0031EC6F = {
						CreatedOnToolsVersion = 14.0;
					};
				};
			};
			buildConfigurationList = C4340DF6290807AB0031EC6F /* Build configuration list for PBXProject "CandyShop" */;
			compatibilityVersion = "Xcode 14.0";
			developmentRegion = en;
			hasScannedForEncodings = 0;
			knownRegions = (
				en,
				Base,
			);
			mainGroup = C4340DF2290807AB0031EC6F;
			productRefGroup = C4340DFC290807AB0031EC6F /* Products */;
			projectDirPath = "";
			projectRoot = "";
			targets = (
				C4340DFA290807AB0031EC6F /* CandyShop */,
			);
		};
/* End PBXProject section */

/* Begin PBXResourcesBuildPhase section */
		C4340DF9290807AB0031EC6F /* Resources */ = {
			isa = PBXResourcesBuildPhase;
			buildActionMask = 2147483647;
			files = (
				C4340E0B290807AC0031EC6F /* LaunchScreen.storyboard in Resources */,
				C4340E08290807AC0031EC6F /* Assets.xcassets in Resources */,
				C4340E06290807AB0031EC6F /* Main.storyboard in Resources */,
				C431E9992909542600B41F31 /* hungry.gif in Resources */,
			);
			runOnlyForDeploymentPostprocessing = 0;
		};
/* End PBXResourcesBuildPhase section */

/* Begin PBXSourcesBuildPhase section */
		C4340DF7290807AB0031EC6F /* Sources */ = {
			isa = PBXSourcesBuildPhase;
			buildActionMask = 2147483647;
			files = (
				C4340DFF290807AB0031EC6F /* AppDelegate.swift in Sources */,
				C4340E13290809B30031EC6F /* TeammatesViewController.swift in Sources */,
				C431E99229093AA500B41F31 /* CartViewController.swift in Sources */,
				C470D6B929083391007A9EFF /* CatalogItemCell.swift in Sources */,
				C431E9972909541900B41F31 /* Extension + UIImageView.swift in Sources */,
				C431E99E290A8E6700B41F31 /* Enums.swift in Sources */,
				C4340E19290815640031EC6F /* Extension + UIView.swift in Sources */,
				C431E9A0290AA50B00B41F31 /* CartDeliveryCell.swift in Sources */,
				C431E99B2909A42D00B41F31 /* CartItemCell.swift in Sources */,
				C470D6BD290833D7007A9EFF /* CatalogListViewController.swift in Sources */,
				C443CEBB290B447700C6D4F9 /* Extension + UIViewController.swift in Sources */,
				C470D6B729082D3E007A9EFF /* CatalogModel.swift in Sources */,
				C470D6BB290833A9007A9EFF /* CatalogHeaderCell.swift in Sources */,
				C4340E01290807AB0031EC6F /* SceneDelegate.swift in Sources */,
				C4340E172908102D0031EC6F /* TeammateModel.swift in Sources */,
				C443CEBD290BF0CF00C6D4F9 /* FavoritesViewController.swift in Sources */,
				C470D6B529082C07007A9EFF /* DataManager.swift in Sources */,
				C4340E1529080AE70031EC6F /* TeammateCell.swift in Sources */,
				C470D6AE29082967007A9EFF /* TabBar.swift in Sources */,
				C431E994290948CE00B41F31 /* DetailViewController.swift in Sources */,
			);
			runOnlyForDeploymentPostprocessing = 0;
		};
/* End PBXSourcesBuildPhase section */

/* Begin PBXVariantGroup section */
		C4340E04290807AB0031EC6F /* Main.storyboard */ = {
			isa = PBXVariantGroup;
			children = (
				C4340E05290807AB0031EC6F /* Base */,
			);
			name = Main.storyboard;
			sourceTree = "<group>";
		};
		C4340E09290807AC0031EC6F /* LaunchScreen.storyboard */ = {
			isa = PBXVariantGroup;
			children = (
				C4340E0A290807AC0031EC6F /* Base */,
			);
			name = LaunchScreen.storyboard;
			sourceTree = "<group>";
		};
/* End PBXVariantGroup section */

/* Begin XCBuildConfiguration section */
		C4340E0D290807AC0031EC6F /* Debug */ = {
			isa = XCBuildConfiguration;
			buildSettings = {
				ALWAYS_SEARCH_USER_PATHS = NO;
				CLANG_ANALYZER_NONNULL = YES;
				CLANG_ANALYZER_NUMBER_OBJECT_CONVERSION = YES_AGGRESSIVE;
				CLANG_CXX_LANGUAGE_STANDARD = "gnu++20";
				CLANG_ENABLE_MODULES = YES;
				CLANG_ENABLE_OBJC_ARC = YES;
				CLANG_ENABLE_OBJC_WEAK = YES;
				CLANG_WARN_BLOCK_CAPTURE_AUTORELEASING = YES;
				CLANG_WARN_BOOL_CONVERSION = YES;
				CLANG_WARN_COMMA = YES;
				CLANG_WARN_CONSTANT_CONVERSION = YES;
				CLANG_WARN_DEPRECATED_OBJC_IMPLEMENTATIONS = YES;
				CLANG_WARN_DIRECT_OBJC_ISA_USAGE = YES_ERROR;
				CLANG_WARN_DOCUMENTATION_COMMENTS = YES;
				CLANG_WARN_EMPTY_BODY = YES;
				CLANG_WARN_ENUM_CONVERSION = YES;
				CLANG_WARN_INFINITE_RECURSION = YES;
				CLANG_WARN_INT_CONVERSION = YES;
				CLANG_WARN_NON_LITERAL_NULL_CONVERSION = YES;
				CLANG_WARN_OBJC_IMPLICIT_RETAIN_SELF = YES;
				CLANG_WARN_OBJC_LITERAL_CONVERSION = YES;
				CLANG_WARN_OBJC_ROOT_CLASS = YES_ERROR;
				CLANG_WARN_QUOTED_INCLUDE_IN_FRAMEWORK_HEADER = YES;
				CLANG_WARN_RANGE_LOOP_ANALYSIS = YES;
				CLANG_WARN_STRICT_PROTOTYPES = YES;
				CLANG_WARN_SUSPICIOUS_MOVE = YES;
				CLANG_WARN_UNGUARDED_AVAILABILITY = YES_AGGRESSIVE;
				CLANG_WARN_UNREACHABLE_CODE = YES;
				CLANG_WARN__DUPLICATE_METHOD_MATCH = YES;
				COPY_PHASE_STRIP = NO;
				DEBUG_INFORMATION_FORMAT = dwarf;
				ENABLE_STRICT_OBJC_MSGSEND = YES;
				ENABLE_TESTABILITY = YES;
				GCC_C_LANGUAGE_STANDARD = gnu11;
				GCC_DYNAMIC_NO_PIC = NO;
				GCC_NO_COMMON_BLOCKS = YES;
				GCC_OPTIMIZATION_LEVEL = 0;
				GCC_PREPROCESSOR_DEFINITIONS = (
					"DEBUG=1",
					"$(inherited)",
				);
				GCC_WARN_64_TO_32_BIT_CONVERSION = YES;
				GCC_WARN_ABOUT_RETURN_TYPE = YES_ERROR;
				GCC_WARN_UNDECLARED_SELECTOR = YES;
				GCC_WARN_UNINITIALIZED_AUTOS = YES_AGGRESSIVE;
				GCC_WARN_UNUSED_FUNCTION = YES;
				GCC_WARN_UNUSED_VARIABLE = YES;
				IPHONEOS_DEPLOYMENT_TARGET = 16.0;
				MTL_ENABLE_DEBUG_INFO = INCLUDE_SOURCE;
				MTL_FAST_MATH = YES;
				ONLY_ACTIVE_ARCH = YES;
				SDKROOT = iphoneos;
				SWIFT_ACTIVE_COMPILATION_CONDITIONS = DEBUG;
				SWIFT_OPTIMIZATION_LEVEL = "-Onone";
			};
			name = Debug;
		};
		C4340E0E290807AC0031EC6F /* Release */ = {
			isa = XCBuildConfiguration;
			buildSettings = {
				ALWAYS_SEARCH_USER_PATHS = NO;
				CLANG_ANALYZER_NONNULL = YES;
				CLANG_ANALYZER_NUMBER_OBJECT_CONVERSION = YES_AGGRESSIVE;
				CLANG_CXX_LANGUAGE_STANDARD = "gnu++20";
				CLANG_ENABLE_MODULES = YES;
				CLANG_ENABLE_OBJC_ARC = YES;
				CLANG_ENABLE_OBJC_WEAK = YES;
				CLANG_WARN_BLOCK_CAPTURE_AUTORELEASING = YES;
				CLANG_WARN_BOOL_CONVERSION = YES;
				CLANG_WARN_COMMA = YES;
				CLANG_WARN_CONSTANT_CONVERSION = YES;
				CLANG_WARN_DEPRECATED_OBJC_IMPLEMENTATIONS = YES;
				CLANG_WARN_DIRECT_OBJC_ISA_USAGE = YES_ERROR;
				CLANG_WARN_DOCUMENTATION_COMMENTS = YES;
				CLANG_WARN_EMPTY_BODY = YES;
				CLANG_WARN_ENUM_CONVERSION = YES;
				CLANG_WARN_INFINITE_RECURSION = YES;
				CLANG_WARN_INT_CONVERSION = YES;
				CLANG_WARN_NON_LITERAL_NULL_CONVERSION = YES;
				CLANG_WARN_OBJC_IMPLICIT_RETAIN_SELF = YES;
				CLANG_WARN_OBJC_LITERAL_CONVERSION = YES;
				CLANG_WARN_OBJC_ROOT_CLASS = YES_ERROR;
				CLANG_WARN_QUOTED_INCLUDE_IN_FRAMEWORK_HEADER = YES;
				CLANG_WARN_RANGE_LOOP_ANALYSIS = YES;
				CLANG_WARN_STRICT_PROTOTYPES = YES;
				CLANG_WARN_SUSPICIOUS_MOVE = YES;
				CLANG_WARN_UNGUARDED_AVAILABILITY = YES_AGGRESSIVE;
				CLANG_WARN_UNREACHABLE_CODE = YES;
				CLANG_WARN__DUPLICATE_METHOD_MATCH = YES;
				COPY_PHASE_STRIP = NO;
				DEBUG_INFORMATION_FORMAT = "dwarf-with-dsym";
				ENABLE_NS_ASSERTIONS = NO;
				ENABLE_STRICT_OBJC_MSGSEND = YES;
				GCC_C_LANGUAGE_STANDARD = gnu11;
				GCC_NO_COMMON_BLOCKS = YES;
				GCC_WARN_64_TO_32_BIT_CONVERSION = YES;
				GCC_WARN_ABOUT_RETURN_TYPE = YES_ERROR;
				GCC_WARN_UNDECLARED_SELECTOR = YES;
				GCC_WARN_UNINITIALIZED_AUTOS = YES_AGGRESSIVE;
				GCC_WARN_UNUSED_FUNCTION = YES;
				GCC_WARN_UNUSED_VARIABLE = YES;
				IPHONEOS_DEPLOYMENT_TARGET = 16.0;
				MTL_ENABLE_DEBUG_INFO = NO;
				MTL_FAST_MATH = YES;
				SDKROOT = iphoneos;
				SWIFT_COMPILATION_MODE = wholemodule;
				SWIFT_OPTIMIZATION_LEVEL = "-O";
				VALIDATE_PRODUCT = YES;
			};
			name = Release;
		};
		C4340E10290807AC0031EC6F /* Debug */ = {
			isa = XCBuildConfiguration;
			buildSettings = {
				ASSETCATALOG_COMPILER_APPICON_NAME = AppIcon;
				ASSETCATALOG_COMPILER_GLOBAL_ACCENT_COLOR_NAME = AccentColor;
				CODE_SIGN_STYLE = Automatic;
				CURRENT_PROJECT_VERSION = 1;
				DEVELOPMENT_TEAM = 8AP3BS5F75;
				GENERATE_INFOPLIST_FILE = YES;
				INFOPLIST_FILE = CandyShop/Info.plist;
				INFOPLIST_KEY_UIApplicationSupportsIndirectInputEvents = YES;
				INFOPLIST_KEY_UILaunchStoryboardName = LaunchScreen;
				INFOPLIST_KEY_UIMainStoryboardFile = Main;
				INFOPLIST_KEY_UISupportedInterfaceOrientations_iPad = "UIInterfaceOrientationPortrait UIInterfaceOrientationPortraitUpsideDown UIInterfaceOrientationLandscapeLeft UIInterfaceOrientationLandscapeRight";
				INFOPLIST_KEY_UISupportedInterfaceOrientations_iPhone = "UIInterfaceOrientationPortrait UIInterfaceOrientationLandscapeLeft UIInterfaceOrientationLandscapeRight";
				LD_RUNPATH_SEARCH_PATHS = (
					"$(inherited)",
					"@executable_path/Frameworks",
				);
				MARKETING_VERSION = 1.0;
				PRODUCT_BUNDLE_IDENTIFIER = "Kirill-Kuchmar.CandyShop";
				PRODUCT_NAME = "$(TARGET_NAME)";
				SWIFT_EMIT_LOC_STRINGS = YES;
				SWIFT_VERSION = 5.0;
				TARGETED_DEVICE_FAMILY = "1,2";
			};
			name = Debug;
		};
		C4340E11290807AC0031EC6F /* Release */ = {
			isa = XCBuildConfiguration;
			buildSettings = {
				ASSETCATALOG_COMPILER_APPICON_NAME = AppIcon;
				ASSETCATALOG_COMPILER_GLOBAL_ACCENT_COLOR_NAME = AccentColor;
				CODE_SIGN_STYLE = Automatic;
				CURRENT_PROJECT_VERSION = 1;
				DEVELOPMENT_TEAM = 8AP3BS5F75;
				GENERATE_INFOPLIST_FILE = YES;
				INFOPLIST_FILE = CandyShop/Info.plist;
				INFOPLIST_KEY_UIApplicationSupportsIndirectInputEvents = YES;
				INFOPLIST_KEY_UILaunchStoryboardName = LaunchScreen;
				INFOPLIST_KEY_UIMainStoryboardFile = Main;
				INFOPLIST_KEY_UISupportedInterfaceOrientations_iPad = "UIInterfaceOrientationPortrait UIInterfaceOrientationPortraitUpsideDown UIInterfaceOrientationLandscapeLeft UIInterfaceOrientationLandscapeRight";
				INFOPLIST_KEY_UISupportedInterfaceOrientations_iPhone = "UIInterfaceOrientationPortrait UIInterfaceOrientationLandscapeLeft UIInterfaceOrientationLandscapeRight";
				LD_RUNPATH_SEARCH_PATHS = (
					"$(inherited)",
					"@executable_path/Frameworks",
				);
				MARKETING_VERSION = 1.0;
				PRODUCT_BUNDLE_IDENTIFIER = "Kirill-Kuchmar.CandyShop";
				PRODUCT_NAME = "$(TARGET_NAME)";
				SWIFT_EMIT_LOC_STRINGS = YES;
				SWIFT_VERSION = 5.0;
				TARGETED_DEVICE_FAMILY = "1,2";
			};
			name = Release;
		};
/* End XCBuildConfiguration section */

/* Begin XCConfigurationList section */
		C4340DF6290807AB0031EC6F /* Build configuration list for PBXProject "CandyShop" */ = {
			isa = XCConfigurationList;
			buildConfigurations = (
				C4340E0D290807AC0031EC6F /* Debug */,
				C4340E0E290807AC0031EC6F /* Release */,
			);
			defaultConfigurationIsVisible = 0;
			defaultConfigurationName = Release;
		};
		C4340E0F290807AC0031EC6F /* Build configuration list for PBXNativeTarget "CandyShop" */ = {
			isa = XCConfigurationList;
			buildConfigurations = (
				C4340E10290807AC0031EC6F /* Debug */,
				C4340E11290807AC0031EC6F /* Release */,
			);
			defaultConfigurationIsVisible = 0;
			defaultConfigurationName = Release;
		};
/* End XCConfigurationList section */
	};
	rootObject = C4340DF3290807AB0031EC6F /* Project object */;
}
